
Microsoft Visual Studio Solution File, Format Version 12.00
# Visual Studio 15
VisualStudioVersion = 15.0.28307.705
MinimumVisualStudioVersion = 10.0.40219.1
Project("{9A19103F-16F7-4668-BE54-9A1E7A4F7556}") = "P01-DefineAnInterfaceIPerson", "P01-DefineAnInterfaceIPerson\P01-DefineAnInterfaceIPerson.csproj", "{DDF30C47-8B8B-4D4F-8B4D-171CFC676201}"
EndProject
Project("{9A19103F-16F7-4668-BE54-9A1E7A4F7556}") = "P02-MultipleImplementation", "P02-MultipleImplementation\P02-MultipleImplementation.csproj", "{BF38E4C8-5910-4638-A561-ED210FAFEAC9}"
EndProject
Project("{9A19103F-16F7-4668-BE54-9A1E7A4F7556}") = "P03-Ferrari", "P03-Ferrari\P03-Ferrari.csproj", "{9969DDB0-C939-4647-BB45-AC12EC261302}"
EndProject
Project("{FAE04EC0-301F-11D3-BF4B-00C04F79EFBC}") = "P04-Telephony", "P04-Telephony\P04-Telephony.csproj", "{92FFA519-A8C9-4713-A32C-2F7A5ADA6FCF}"
EndProject
Project("{FAE04EC0-301F-11D3-BF4B-00C04F79EFBC}") = "P05-BorderControl", "P05-BorderControl\P05-BorderControl.csproj", "{41AA5D72-F32E-4DB0-9184-CE3340951F8B}"
EndProject
Project("{FAE04EC0-301F-11D3-BF4B-00C04F79EFBC}") = "P06-BirthdayCelebrations", "P06-BirthdayCelebrations\P06-BirthdayCelebrations.csproj", "{E481D6E4-1E3C-4989-99A2-4FAD1F1B0D08}"
EndProject
Project("{FAE04EC0-301F-11D3-BF4B-00C04F79EFBC}") = "P07-FoodShortage", "P07-FoodShortage\P07-FoodShortage.csproj", "{9AEC7890-F86A-4E65-B563-693FEE160AB6}"
EndProject
Project("{FAE04EC0-301F-11D3-BF4B-00C04F79EFBC}") = "P08-MilitaryElite", "P08-MilitaryElite\P08-MilitaryElite.csproj", "{AC7E0216-EFAD-4D77-88EF-860C0D08DC55}"
EndProject
Global
	GlobalSection(SolutionConfigurationPlatforms) = preSolution
		Debug|Any CPU = Debug|Any CPU
		Release|Any CPU = Release|Any CPU
	EndGlobalSection
	GlobalSection(ProjectConfigurationPlatforms) = postSolution
		{DDF30C47-8B8B-4D4F-8B4D-171CFC676201}.Debug|Any CPU.ActiveCfg = Debug|Any CPU
		{DDF30C47-8B8B-4D4F-8B4D-171CFC676201}.Debug|Any CPU.Build.0 = Debug|Any CPU
		{DDF30C47-8B8B-4D4F-8B4D-171CFC676201}.Release|Any CPU.ActiveCfg = Release|Any CPU
		{DDF30C47-8B8B-4D4F-8B4D-171CFC676201}.Release|Any CPU.Build.0 = Release|Any CPU
		{BF38E4C8-5910-4638-A561-ED210FAFEAC9}.Debug|Any CPU.ActiveCfg = Debug|Any CPU
		{BF38E4C8-5910-4638-A561-ED210FAFEAC9}.Debug|Any CPU.Build.0 = Debug|Any CPU
		{BF38E4C8-5910-4638-A561-ED210FAFEAC9}.Release|Any CPU.ActiveCfg = Release|Any CPU
		{BF38E4C8-5910-4638-A561-ED210FAFEAC9}.Release|Any CPU.Build.0 = Release|Any CPU
		{9969DDB0-C939-4647-BB45-AC12EC261302}.Debug|Any CPU.ActiveCfg = Debug|Any CPU
		{9969DDB0-C939-4647-BB45-AC12EC261302}.Debug|Any CPU.Build.0 = Debug|Any CPU
		{9969DDB0-C939-4647-BB45-AC12EC261302}.Release|Any CPU.ActiveCfg = Release|Any CPU
		{9969DDB0-C939-4647-BB45-AC12EC261302}.Release|Any CPU.Build.0 = Release|Any CPU
		{92FFA519-A8C9-4713-A32C-2F7A5ADA6FCF}.Debug|Any CPU.ActiveCfg = Debug|Any CPU
		{92FFA519-A8C9-4713-A32C-2F7A5ADA6FCF}.Debug|Any CPU.Build.0 = Debug|Any CPU
		{92FFA519-A8C9-4713-A32C-2F7A5ADA6FCF}.Release|Any CPU.ActiveCfg = Release|Any CPU
		{92FFA519-A8C9-4713-A32C-2F7A5ADA6FCF}.Release|Any CPU.Build.0 = Release|Any CPU
		{41AA5D72-F32E-4DB0-9184-CE3340951F8B}.Debug|Any CPU.ActiveCfg = Debug|Any CPU
		{41AA5D72-F32E-4DB0-9184-CE3340951F8B}.Debug|Any CPU.Build.0 = Debug|Any CPU
		{41AA5D72-F32E-4DB0-9184-CE3340951F8B}.Release|Any CPU.ActiveCfg = Release|Any CPU
		{41AA5D72-F32E-4DB0-9184-CE3340951F8B}.Release|Any CPU.Build.0 = Release|Any CPU
		{E481D6E4-1E3C-4989-99A2-4FAD1F1B0D08}.Debug|Any CPU.ActiveCfg = Debug|Any CPU
		{E481D6E4-1E3C-4989-99A2-4FAD1F1B0D08}.Debug|Any CPU.Build.0 = Debug|Any CPU
		{E481D6E4-1E3C-4989-99A2-4FAD1F1B0D08}.Release|Any CPU.ActiveCfg = Release|Any CPU
		{E481D6E4-1E3C-4989-99A2-4FAD1F1B0D08}.Release|Any CPU.Build.0 = Release|Any CPU
		{9AEC7890-F86A-4E65-B563-693FEE160AB6}.Debug|Any CPU.ActiveCfg = Debug|Any CPU
		{9AEC7890-F86A-4E65-B563-693FEE160AB6}.Debug|Any CPU.Build.0 = Debug|Any CPU
		{9AEC7890-F86A-4E65-B563-693FEE160AB6}.Release|Any CPU.ActiveCfg = Release|Any CPU
		{9AEC7890-F86A-4E65-B563-693FEE160AB6}.Release|Any CPU.Build.0 = Release|Any CPU
		{AC7E0216-EFAD-4D77-88EF-860C0D08DC55}.Debug|Any CPU.ActiveCfg = Debug|Any CPU
		{AC7E0216-EFAD-4D77-88EF-860C0D08DC55}.Debug|Any CPU.Build.0 = Debug|Any CPU
		{AC7E0216-EFAD-4D77-88EF-860C0D08DC55}.Release|Any CPU.ActiveCfg = Release|Any CPU
		{AC7E0216-EFAD-4D77-88EF-860C0D08DC55}.Release|Any CPU.Build.0 = Release|Any CPU
	EndGlobalSection
	GlobalSection(SolutionProperties) = preSolution
		HideSolutionNode = FALSE
	EndGlobalSection
	GlobalSection(ExtensibilityGlobals) = postSolution
		SolutionGuid = {0E9CA576-7E5C-4EE9-9D89-CFF83056A637}
	EndGlobalSection
EndGlobal
