
Microsoft Visual Studio Solution File, Format Version 12.00
# Visual Studio 15
VisualStudioVersion = 15.0.28307.705
MinimumVisualStudioVersion = 10.0.40219.1
Project("{9A19103F-16F7-4668-BE54-9A1E7A4F7556}") = "P01-ClassBoxData", "P01-ClassBoxData\P01-ClassBoxData.csproj", "{61FCC804-E19F-4639-89AC-00F4B6D0B5DE}"
EndProject
Project("{9A19103F-16F7-4668-BE54-9A1E7A4F7556}") = "P02-AnimalFarm", "AnimalFarm\AnimalFarm\P02-AnimalFarm.csproj", "{04C91C23-6932-4A8A-899B-BF7622A00CCE}"
EndProject
Project("{9A19103F-16F7-4668-BE54-9A1E7A4F7556}") = "P03-ShoppingSpree", "P03-ShoppingSpree\P03-ShoppingSpree.csproj", "{AE4BCEC3-4F00-4C2C-A707-63978490C54A}"
EndProject
Project("{FAE04EC0-301F-11D3-BF4B-00C04F79EFBC}") = "P05-FootballTeamGenerator", "P05-FootballTeamGenerator\P05-FootballTeamGenerator.csproj", "{970A4398-4C91-4AAF-BE4A-EC58389B40CF}"
EndProject
Project("{FAE04EC0-301F-11D3-BF4B-00C04F79EFBC}") = "P04-PizzaCalories", "P04-PizzaCalories\P04-PizzaCalories.csproj", "{0FFACF67-5A9C-475F-89A4-73BF500BFF12}"
EndProject
Global
	GlobalSection(SolutionConfigurationPlatforms) = preSolution
		Debug|Any CPU = Debug|Any CPU
		Release|Any CPU = Release|Any CPU
	EndGlobalSection
	GlobalSection(ProjectConfigurationPlatforms) = postSolution
		{61FCC804-E19F-4639-89AC-00F4B6D0B5DE}.Debug|Any CPU.ActiveCfg = Debug|Any CPU
		{61FCC804-E19F-4639-89AC-00F4B6D0B5DE}.Debug|Any CPU.Build.0 = Debug|Any CPU
		{61FCC804-E19F-4639-89AC-00F4B6D0B5DE}.Release|Any CPU.ActiveCfg = Release|Any CPU
		{61FCC804-E19F-4639-89AC-00F4B6D0B5DE}.Release|Any CPU.Build.0 = Release|Any CPU
		{04C91C23-6932-4A8A-899B-BF7622A00CCE}.Debug|Any CPU.ActiveCfg = Debug|Any CPU
		{04C91C23-6932-4A8A-899B-BF7622A00CCE}.Debug|Any CPU.Build.0 = Debug|Any CPU
		{04C91C23-6932-4A8A-899B-BF7622A00CCE}.Release|Any CPU.ActiveCfg = Release|Any CPU
		{04C91C23-6932-4A8A-899B-BF7622A00CCE}.Release|Any CPU.Build.0 = Release|Any CPU
		{AE4BCEC3-4F00-4C2C-A707-63978490C54A}.Debug|Any CPU.ActiveCfg = Debug|Any CPU
		{AE4BCEC3-4F00-4C2C-A707-63978490C54A}.Debug|Any CPU.Build.0 = Debug|Any CPU
		{AE4BCEC3-4F00-4C2C-A707-63978490C54A}.Release|Any CPU.ActiveCfg = Release|Any CPU
		{AE4BCEC3-4F00-4C2C-A707-63978490C54A}.Release|Any CPU.Build.0 = Release|Any CPU
		{970A4398-4C91-4AAF-BE4A-EC58389B40CF}.Debug|Any CPU.ActiveCfg = Debug|Any CPU
		{970A4398-4C91-4AAF-BE4A-EC58389B40CF}.Debug|Any CPU.Build.0 = Debug|Any CPU
		{970A4398-4C91-4AAF-BE4A-EC58389B40CF}.Release|Any CPU.ActiveCfg = Release|Any CPU
		{970A4398-4C91-4AAF-BE4A-EC58389B40CF}.Release|Any CPU.Build.0 = Release|Any CPU
		{0FFACF67-5A9C-475F-89A4-73BF500BFF12}.Debug|Any CPU.ActiveCfg = Debug|Any CPU
		{0FFACF67-5A9C-475F-89A4-73BF500BFF12}.Debug|Any CPU.Build.0 = Debug|Any CPU
		{0FFACF67-5A9C-475F-89A4-73BF500BFF12}.Release|Any CPU.ActiveCfg = Release|Any CPU
		{0FFACF67-5A9C-475F-89A4-73BF500BFF12}.Release|Any CPU.Build.0 = Release|Any CPU
	EndGlobalSection
	GlobalSection(SolutionProperties) = preSolution
		HideSolutionNode = FALSE
	EndGlobalSection
	GlobalSection(ExtensibilityGlobals) = postSolution
		SolutionGuid = {978790FE-2298-47CE-B247-BB9555E0DA39}
	EndGlobalSection
EndGlobal
